Microsoft Visual Studio Solution File, Format Version 12.00
# Visual Studio Version 17
VisualStudioVersion = 17.5.2.0
MinimumVisualStudioVersion = 10.0.40219.1
Project("{FAE04EC0-301F-11D3-BF4B-00C04F79EFBC}") = "etour-api", "etour-api.csproj", "{72CF97DB-F7C1-50F6-60D8-85A980580290}"
EndProject
Global
	GlobalSection(SolutionConfigurationPlatforms) = preSolution
		Debug|Any CPU = Debug|Any CPU
		Release|Any CPU = Release|Any CPU
	EndGlobalSection
	GlobalSection(ProjectConfigurationPlatforms) = postSolution
		{72CF97DB-F7C1-50F6-60D8-85A980580290}.Debug|Any CPU.ActiveCfg = Debug|Any CPU
		{72CF97DB-F7C1-50F6-60D8-85A980580290}.Debug|Any CPU.Build.0 = Debug|Any CPU
		{72CF97DB-F7C1-50F6-60D8-85A980580290}.Release|Any CPU.ActiveCfg = Release|Any CPU
		{72CF97DB-F7C1-50F6-60D8-85A980580290}.Release|Any CPU.Build.0 = Release|Any CPU
	EndGlobalSection
	GlobalSection(SolutionProperties) = preSolution
		HideSolutionNode = FALSE
	EndGlobalSection
	GlobalSection(ExtensibilityGlobals) = postSolution
		SolutionGuid = {1D1C5F6F-AECC-4918-99FB-3ECADDE81DEC}
	EndGlobalSection
EndGlobal
